
Microsoft Visual Studio Solution File, Format Version 12.00
# Visual Studio Version 17
VisualStudioVersion = 17.8.34330.188
MinimumVisualStudioVersion = 10.0.40219.1
Project("{FAE04EC0-301F-11D3-BF4B-00C04F79EFBC}") = "04.ConditionalBlocks", "04.ConditionalBlocks.csproj", "{3A071A48-51DC-4356-B7D8-2CE8772E186E}"
EndProject
Global
	GlobalSection(SolutionConfigurationPlatforms) = preSolution
		Debug|Any CPU = Debug|Any CPU
		Release|Any CPU = Release|Any CPU
	EndGlobalSection
	GlobalSection(ProjectConfigurationPlatforms) = postSolution
		{3A071A48-51DC-4356-B7D8-2CE8772E186E}.Debug|Any CPU.ActiveCfg = Debug|Any CPU
		{3A071A48-51DC-4356-B7D8-2CE8772E186E}.Debug|Any CPU.Build.0 = Debug|Any CPU
		{3A071A48-51DC-4356-B7D8-2CE8772E186E}.Release|Any CPU.ActiveCfg = Release|Any CPU
		{3A071A48-51DC-4356-B7D8-2CE8772E186E}.Release|Any CPU.Build.0 = Release|Any CPU
	EndGlobalSection
	GlobalSection(SolutionProperties) = preSolution
		HideSolutionNode = FALSE
	EndGlobalSection
	GlobalSection(ExtensibilityGlobals) = postSolution
		SolutionGuid = {595A1C39-A3F8-4345-B3D2-7474717A555A}
	EndGlobalSection
EndGlobal
