
Microsoft Visual Studio Solution File, Format Version 12.00
# Visual Studio Version 17
VisualStudioVersion = 17.10.34916.146
MinimumVisualStudioVersion = 10.0.40219.1
Project("{9A19103F-16F7-4668-BE54-9A1E7A4F7556}") = "EntityFrameworkCore.First.WebAPI", "EntityFrameworkCore.First.WebAPI\EntityFrameworkCore.First.WebAPI.csproj", "{D56A9C7D-4A9E-4369-8064-1393E679408E}"
EndProject
Project("{2150E333-8FDC-42A3-9474-1A3956D46DE8}") = "Solution Items", "Solution Items", "{A0866D11-208F-4B29-BD94-4ECC90E499D2}"
	ProjectSection(SolutionItems) = preProject
		README.md = README.md
	EndProjectSection
EndProject
Global
	GlobalSection(SolutionConfigurationPlatforms) = preSolution
		Debug|Any CPU = Debug|Any CPU
		Release|Any CPU = Release|Any CPU
	EndGlobalSection
	GlobalSection(ProjectConfigurationPlatforms) = postSolution
		{D56A9C7D-4A9E-4369-8064-1393E679408E}.Debug|Any CPU.ActiveCfg = Debug|Any CPU
		{D56A9C7D-4A9E-4369-8064-1393E679408E}.Debug|Any CPU.Build.0 = Debug|Any CPU
		{D56A9C7D-4A9E-4369-8064-1393E679408E}.Release|Any CPU.ActiveCfg = Release|Any CPU
		{D56A9C7D-4A9E-4369-8064-1393E679408E}.Release|Any CPU.Build.0 = Release|Any CPU
	EndGlobalSection
	GlobalSection(SolutionProperties) = preSolution
		HideSolutionNode = FALSE
	EndGlobalSection
	GlobalSection(ExtensibilityGlobals) = postSolution
		SolutionGuid = {E109E8E3-84E6-4F3C-8B0C-363356DA64E0}
	EndGlobalSection
EndGlobal
