
Microsoft Visual Studio Solution File, Format Version 12.00
# Visual Studio Version 17
VisualStudioVersion = 17.8.34330.188
MinimumVisualStudioVersion = 10.0.40219.1
Project("{FAE04EC0-301F-11D3-BF4B-00C04F79EFBC}") = "02.ValueTypesAndReferenceTypes", "02.ValueTypesAndReferenceTypes.csproj", "{35D636F1-A266-4AFD-A19E-92981C99E4A0}"
EndProject
Global
	GlobalSection(SolutionConfigurationPlatforms) = preSolution
		Debug|Any CPU = Debug|Any CPU
		Release|Any CPU = Release|Any CPU
	EndGlobalSection
	GlobalSection(ProjectConfigurationPlatforms) = postSolution
		{35D636F1-A266-4AFD-A19E-92981C99E4A0}.Debug|Any CPU.ActiveCfg = Debug|Any CPU
		{35D636F1-A266-4AFD-A19E-92981C99E4A0}.Debug|Any CPU.Build.0 = Debug|Any CPU
		{35D636F1-A266-4AFD-A19E-92981C99E4A0}.Release|Any CPU.ActiveCfg = Release|Any CPU
		{35D636F1-A266-4AFD-A19E-92981C99E4A0}.Release|Any CPU.Build.0 = Release|Any CPU
	EndGlobalSection
	GlobalSection(SolutionProperties) = preSolution
		HideSolutionNode = FALSE
	EndGlobalSection
	GlobalSection(ExtensibilityGlobals) = postSolution
		SolutionGuid = {384866AB-E7D7-46A3-9D3E-D9F843C713D9}
	EndGlobalSection
EndGlobal
