
Microsoft Visual Studio Solution File, Format Version 12.00
# Visual Studio Version 17
VisualStudioVersion = 17.7.34202.233
MinimumVisualStudioVersion = 10.0.40219.1
Project("{FAE04EC0-301F-11D3-BF4B-00C04F79EFBC}") = "StudentAttandance", "StudentAttandance.csproj", "{2E6B3DD5-88D4-4580-AB09-D3DF4AB7CEAE}"
EndProject
Global
	GlobalSection(SolutionConfigurationPlatforms) = preSolution
		Debug|Any CPU = Debug|Any CPU
		Release|Any CPU = Release|Any CPU
	EndGlobalSection
	GlobalSection(ProjectConfigurationPlatforms) = postSolution
		{2E6B3DD5-88D4-4580-AB09-D3DF4AB7CEAE}.Debug|Any CPU.ActiveCfg = Debug|Any CPU
		{2E6B3DD5-88D4-4580-AB09-D3DF4AB7CEAE}.Debug|Any CPU.Build.0 = Debug|Any CPU
		{2E6B3DD5-88D4-4580-AB09-D3DF4AB7CEAE}.Release|Any CPU.ActiveCfg = Release|Any CPU
		{2E6B3DD5-88D4-4580-AB09-D3DF4AB7CEAE}.Release|Any CPU.Build.0 = Release|Any CPU
	EndGlobalSection
	GlobalSection(SolutionProperties) = preSolution
		HideSolutionNode = FALSE
	EndGlobalSection
	GlobalSection(ExtensibilityGlobals) = postSolution
		SolutionGuid = {E79ED4FF-774F-41FD-AB94-49CEB2B3A19D}
	EndGlobalSection
EndGlobal
