
Microsoft Visual Studio Solution File, Format Version 12.00
# Visual Studio Version 17
VisualStudioVersion = 17.8.34330.188
MinimumVisualStudioVersion = 10.0.40219.1
Project("{FAE04EC0-301F-11D3-BF4B-00C04F79EFBC}") = "ExampleWebAPI", "ExampleWebAPI.csproj", "{D03345A7-B627-4997-BC2C-3D504A6F7890}"
EndProject
Global
	GlobalSection(SolutionConfigurationPlatforms) = preSolution
		Debug|Any CPU = Debug|Any CPU
		Release|Any CPU = Release|Any CPU
	EndGlobalSection
	GlobalSection(ProjectConfigurationPlatforms) = postSolution
		{D03345A7-B627-4997-BC2C-3D504A6F7890}.Debug|Any CPU.ActiveCfg = Debug|Any CPU
		{D03345A7-B627-4997-BC2C-3D504A6F7890}.Debug|Any CPU.Build.0 = Debug|Any CPU
		{D03345A7-B627-4997-BC2C-3D504A6F7890}.Release|Any CPU.ActiveCfg = Release|Any CPU
		{D03345A7-B627-4997-BC2C-3D504A6F7890}.Release|Any CPU.Build.0 = Release|Any CPU
	EndGlobalSection
	GlobalSection(SolutionProperties) = preSolution
		HideSolutionNode = FALSE
	EndGlobalSection
	GlobalSection(ExtensibilityGlobals) = postSolution
		SolutionGuid = {94A6650F-2D53-4B27-9BBD-FE219542A97C}
	EndGlobalSection
EndGlobal
