
Microsoft Visual Studio Solution File, Format Version 12.00
# Visual Studio Version 17
VisualStudioVersion = 17.10.34916.146
MinimumVisualStudioVersion = 10.0.40219.1
Project("{FAE04EC0-301F-11D3-BF4B-00C04F79EFBC}") = "CancellationToken.WebAPI", "CancellationToken.WebAPI\CancellationToken.WebAPI.csproj", "{DD82F890-2203-4A36-A514-9F2510FE2D08}"
EndProject
Global
	GlobalSection(SolutionConfigurationPlatforms) = preSolution
		Debug|Any CPU = Debug|Any CPU
		Release|Any CPU = Release|Any CPU
	EndGlobalSection
	GlobalSection(ProjectConfigurationPlatforms) = postSolution
		{DD82F890-2203-4A36-A514-9F2510FE2D08}.Debug|Any CPU.ActiveCfg = Debug|Any CPU
		{DD82F890-2203-4A36-A514-9F2510FE2D08}.Debug|Any CPU.Build.0 = Debug|Any CPU
		{DD82F890-2203-4A36-A514-9F2510FE2D08}.Release|Any CPU.ActiveCfg = Release|Any CPU
		{DD82F890-2203-4A36-A514-9F2510FE2D08}.Release|Any CPU.Build.0 = Release|Any CPU
	EndGlobalSection
	GlobalSection(SolutionProperties) = preSolution
		HideSolutionNode = FALSE
	EndGlobalSection
	GlobalSection(ExtensibilityGlobals) = postSolution
		SolutionGuid = {079DD12C-3999-4B4F-80B9-8F16ABC60E4F}
	EndGlobalSection
EndGlobal
