
Microsoft Visual Studio Solution File, Format Version 12.00
# Visual Studio Version 17
VisualStudioVersion = 17.8.34330.188
MinimumVisualStudioVersion = 10.0.40219.1
Project("{FAE04EC0-301F-11D3-BF4B-00C04F79EFBC}") = "First.WebAPI", "First.WebAPI\First.WebAPI.csproj", "{7F5CC86E-5E34-4A1D-9150-467859780A7D}"
EndProject
Global
	GlobalSection(SolutionConfigurationPlatforms) = preSolution
		Debug|Any CPU = Debug|Any CPU
		Release|Any CPU = Release|Any CPU
	EndGlobalSection
	GlobalSection(ProjectConfigurationPlatforms) = postSolution
		{7F5CC86E-5E34-4A1D-9150-467859780A7D}.Debug|Any CPU.ActiveCfg = Debug|Any CPU
		{7F5CC86E-5E34-4A1D-9150-467859780A7D}.Debug|Any CPU.Build.0 = Debug|Any CPU
		{7F5CC86E-5E34-4A1D-9150-467859780A7D}.Release|Any CPU.ActiveCfg = Release|Any CPU
		{7F5CC86E-5E34-4A1D-9150-467859780A7D}.Release|Any CPU.Build.0 = Release|Any CPU
	EndGlobalSection
	GlobalSection(SolutionProperties) = preSolution
		HideSolutionNode = FALSE
	EndGlobalSection
	GlobalSection(ExtensibilityGlobals) = postSolution
		SolutionGuid = {C13A245D-7BAD-47B1-8673-0EEB45E42175}
	EndGlobalSection
EndGlobal
