
Microsoft Visual Studio Solution File, Format Version 12.00
# Visual Studio Version 17
VisualStudioVersion = 17.10.34916.146
MinimumVisualStudioVersion = 10.0.40219.1
Project("{FAE04EC0-301F-11D3-BF4B-00C04F79EFBC}") = "QickServer.Domain", "QickServer.Domain\QickServer.Domain.csproj", "{967F62CD-5ABB-4DC1-A5BE-31C89A862C62}"
EndProject
Global
	GlobalSection(SolutionConfigurationPlatforms) = preSolution
		Debug|Any CPU = Debug|Any CPU
		Release|Any CPU = Release|Any CPU
	EndGlobalSection
	GlobalSection(ProjectConfigurationPlatforms) = postSolution
		{967F62CD-5ABB-4DC1-A5BE-31C89A862C62}.Debug|Any CPU.ActiveCfg = Debug|Any CPU
		{967F62CD-5ABB-4DC1-A5BE-31C89A862C62}.Debug|Any CPU.Build.0 = Debug|Any CPU
		{967F62CD-5ABB-4DC1-A5BE-31C89A862C62}.Release|Any CPU.ActiveCfg = Release|Any CPU
		{967F62CD-5ABB-4DC1-A5BE-31C89A862C62}.Release|Any CPU.Build.0 = Release|Any CPU
	EndGlobalSection
	GlobalSection(SolutionProperties) = preSolution
		HideSolutionNode = FALSE
	EndGlobalSection
	GlobalSection(ExtensibilityGlobals) = postSolution
		SolutionGuid = {058F4DFA-0B8E-47EC-B198-9D837DD3DC23}
	EndGlobalSection
EndGlobal
