
Microsoft Visual Studio Solution File, Format Version 12.00
# Visual Studio Version 17
VisualStudioVersion = 17.8.34330.188
MinimumVisualStudioVersion = 10.0.40219.1
Project("{9A19103F-16F7-4668-BE54-9A1E7A4F7556}") = "Newsletter.Domain", "Newsletter.Domain\Newsletter.Domain.csproj", "{E495B4DC-7DFC-4676-BEF9-2DB2C2DAE22D}"
EndProject
Project("{9A19103F-16F7-4668-BE54-9A1E7A4F7556}") = "Newsletter.Application", "Newsletter.Application\Newsletter.Application.csproj", "{A8ADD563-AC93-4173-80C9-89B697B15E6D}"
EndProject
Project("{9A19103F-16F7-4668-BE54-9A1E7A4F7556}") = "Newsletter.Infrastructure", "Newsletter.Infrastructure\Newsletter.Infrastructure.csproj", "{D1181EFD-4112-417E-8066-098D5B975D95}"
EndProject
Project("{9A19103F-16F7-4668-BE54-9A1E7A4F7556}") = "Newsletter.MVC", "Newsletter.MVC\Newsletter.MVC.csproj", "{23F3E3D7-5113-4886-956F-F07863C60B52}"
EndProject
Project("{FAE04EC0-301F-11D3-BF4B-00C04F79EFBC}") = "Newsletter.Consumer", "Newsletter.Consumer\Newsletter.Consumer.csproj", "{5664F763-40D2-423A-8A22-4C4A5DCFB370}"
EndProject
Global
	GlobalSection(SolutionConfigurationPlatforms) = preSolution
		Debug|Any CPU = Debug|Any CPU
		Release|Any CPU = Release|Any CPU
	EndGlobalSection
	GlobalSection(ProjectConfigurationPlatforms) = postSolution
		{E495B4DC-7DFC-4676-BEF9-2DB2C2DAE22D}.Debug|Any CPU.ActiveCfg = Debug|Any CPU
		{E495B4DC-7DFC-4676-BEF9-2DB2C2DAE22D}.Debug|Any CPU.Build.0 = Debug|Any CPU
		{E495B4DC-7DFC-4676-BEF9-2DB2C2DAE22D}.Release|Any CPU.ActiveCfg = Release|Any CPU
		{E495B4DC-7DFC-4676-BEF9-2DB2C2DAE22D}.Release|Any CPU.Build.0 = Release|Any CPU
		{A8ADD563-AC93-4173-80C9-89B697B15E6D}.Debug|Any CPU.ActiveCfg = Debug|Any CPU
		{A8ADD563-AC93-4173-80C9-89B697B15E6D}.Debug|Any CPU.Build.0 = Debug|Any CPU
		{A8ADD563-AC93-4173-80C9-89B697B15E6D}.Release|Any CPU.ActiveCfg = Release|Any CPU
		{A8ADD563-AC93-4173-80C9-89B697B15E6D}.Release|Any CPU.Build.0 = Release|Any CPU
		{D1181EFD-4112-417E-8066-098D5B975D95}.Debug|Any CPU.ActiveCfg = Debug|Any CPU
		{D1181EFD-4112-417E-8066-098D5B975D95}.Debug|Any CPU.Build.0 = Debug|Any CPU
		{D1181EFD-4112-417E-8066-098D5B975D95}.Release|Any CPU.ActiveCfg = Release|Any CPU
		{D1181EFD-4112-417E-8066-098D5B975D95}.Release|Any CPU.Build.0 = Release|Any CPU
		{23F3E3D7-5113-4886-956F-F07863C60B52}.Debug|Any CPU.ActiveCfg = Debug|Any CPU
		{23F3E3D7-5113-4886-956F-F07863C60B52}.Debug|Any CPU.Build.0 = Debug|Any CPU
		{23F3E3D7-5113-4886-956F-F07863C60B52}.Release|Any CPU.ActiveCfg = Release|Any CPU
		{23F3E3D7-5113-4886-956F-F07863C60B52}.Release|Any CPU.Build.0 = Release|Any CPU
		{5664F763-40D2-423A-8A22-4C4A5DCFB370}.Debug|Any CPU.ActiveCfg = Debug|Any CPU
		{5664F763-40D2-423A-8A22-4C4A5DCFB370}.Debug|Any CPU.Build.0 = Debug|Any CPU
		{5664F763-40D2-423A-8A22-4C4A5DCFB370}.Release|Any CPU.ActiveCfg = Release|Any CPU
		{5664F763-40D2-423A-8A22-4C4A5DCFB370}.Release|Any CPU.Build.0 = Release|Any CPU
	EndGlobalSection
	GlobalSection(SolutionProperties) = preSolution
		HideSolutionNode = FALSE
	EndGlobalSection
	GlobalSection(ExtensibilityGlobals) = postSolution
		SolutionGuid = {8CC81E65-3082-4452-B783-14B013CF19E3}
	EndGlobalSection
EndGlobal
