
Microsoft Visual Studio Solution File, Format Version 12.00
# Visual Studio Version 17
VisualStudioVersion = 17.8.34330.188
MinimumVisualStudioVersion = 10.0.40219.1
Project("{FAE04EC0-301F-11D3-BF4B-00C04F79EFBC}") = "07.Loops", "07.Loops.csproj", "{FC0205EB-D48A-4733-AB86-D63EA53D170D}"
EndProject
Global
	GlobalSection(SolutionConfigurationPlatforms) = preSolution
		Debug|Any CPU = Debug|Any CPU
		Release|Any CPU = Release|Any CPU
	EndGlobalSection
	GlobalSection(ProjectConfigurationPlatforms) = postSolution
		{FC0205EB-D48A-4733-AB86-D63EA53D170D}.Debug|Any CPU.ActiveCfg = Debug|Any CPU
		{FC0205EB-D48A-4733-AB86-D63EA53D170D}.Debug|Any CPU.Build.0 = Debug|Any CPU
		{FC0205EB-D48A-4733-AB86-D63EA53D170D}.Release|Any CPU.ActiveCfg = Release|Any CPU
		{FC0205EB-D48A-4733-AB86-D63EA53D170D}.Release|Any CPU.Build.0 = Release|Any CPU
	EndGlobalSection
	GlobalSection(SolutionProperties) = preSolution
		HideSolutionNode = FALSE
	EndGlobalSection
	GlobalSection(ExtensibilityGlobals) = postSolution
		SolutionGuid = {15E1DE8D-B234-460E-9F88-D6FB2FF91F34}
	EndGlobalSection
EndGlobal
