
Microsoft Visual Studio Solution File, Format Version 12.00
# Visual Studio Version 17
VisualStudioVersion = 17.8.34330.188
MinimumVisualStudioVersion = 10.0.40219.1
Project("{9A19103F-16F7-4668-BE54-9A1E7A4F7556}") = "DomainDrivenDesign.Domain", "DomainDrivenDesign.Domain\DomainDrivenDesign.Domain.csproj", "{BD78B22C-9EDD-46D6-9261-14F3D3DE3BD9}"
EndProject
Project("{9A19103F-16F7-4668-BE54-9A1E7A4F7556}") = "DomainDrivenDesign.ConsoleApp", "DomainDrivenDesign.ConsoleApp\DomainDrivenDesign.ConsoleApp.csproj", "{599FFEF6-A9BD-443F-82B0-B56CECAD8D9D}"
EndProject
Project("{9A19103F-16F7-4668-BE54-9A1E7A4F7556}") = "DomainDrivenDesign.Application", "DomainDrivenDesign.Application\DomainDrivenDesign.Application.csproj", "{8793EEC2-B5F6-466F-ADBB-3878C0291507}"
EndProject
Project("{9A19103F-16F7-4668-BE54-9A1E7A4F7556}") = "DomainDrivenDesign.Infrastructure", "DomainDrivenDesign.Infrastructure\DomainDrivenDesign.Infrastructure.csproj", "{FB052632-6EDF-4DB8-86C3-7443EF9A37ED}"
EndProject
Project("{FAE04EC0-301F-11D3-BF4B-00C04F79EFBC}") = "DomainDrivenDesign.WebAPI", "DomainDrivenDesign.WebAPI\DomainDrivenDesign.WebAPI.csproj", "{F5BE8CFC-699C-4D62-A27E-9D2B37798FEF}"
EndProject
Global
	GlobalSection(SolutionConfigurationPlatforms) = preSolution
		Debug|Any CPU = Debug|Any CPU
		Release|Any CPU = Release|Any CPU
	EndGlobalSection
	GlobalSection(ProjectConfigurationPlatforms) = postSolution
		{BD78B22C-9EDD-46D6-9261-14F3D3DE3BD9}.Debug|Any CPU.ActiveCfg = Debug|Any CPU
		{BD78B22C-9EDD-46D6-9261-14F3D3DE3BD9}.Debug|Any CPU.Build.0 = Debug|Any CPU
		{BD78B22C-9EDD-46D6-9261-14F3D3DE3BD9}.Release|Any CPU.ActiveCfg = Release|Any CPU
		{BD78B22C-9EDD-46D6-9261-14F3D3DE3BD9}.Release|Any CPU.Build.0 = Release|Any CPU
		{599FFEF6-A9BD-443F-82B0-B56CECAD8D9D}.Debug|Any CPU.ActiveCfg = Debug|Any CPU
		{599FFEF6-A9BD-443F-82B0-B56CECAD8D9D}.Debug|Any CPU.Build.0 = Debug|Any CPU
		{599FFEF6-A9BD-443F-82B0-B56CECAD8D9D}.Release|Any CPU.ActiveCfg = Release|Any CPU
		{599FFEF6-A9BD-443F-82B0-B56CECAD8D9D}.Release|Any CPU.Build.0 = Release|Any CPU
		{8793EEC2-B5F6-466F-ADBB-3878C0291507}.Debug|Any CPU.ActiveCfg = Debug|Any CPU
		{8793EEC2-B5F6-466F-ADBB-3878C0291507}.Debug|Any CPU.Build.0 = Debug|Any CPU
		{8793EEC2-B5F6-466F-ADBB-3878C0291507}.Release|Any CPU.ActiveCfg = Release|Any CPU
		{8793EEC2-B5F6-466F-ADBB-3878C0291507}.Release|Any CPU.Build.0 = Release|Any CPU
		{FB052632-6EDF-4DB8-86C3-7443EF9A37ED}.Debug|Any CPU.ActiveCfg = Debug|Any CPU
		{FB052632-6EDF-4DB8-86C3-7443EF9A37ED}.Debug|Any CPU.Build.0 = Debug|Any CPU
		{FB052632-6EDF-4DB8-86C3-7443EF9A37ED}.Release|Any CPU.ActiveCfg = Release|Any CPU
		{FB052632-6EDF-4DB8-86C3-7443EF9A37ED}.Release|Any CPU.Build.0 = Release|Any CPU
		{F5BE8CFC-699C-4D62-A27E-9D2B37798FEF}.Debug|Any CPU.ActiveCfg = Debug|Any CPU
		{F5BE8CFC-699C-4D62-A27E-9D2B37798FEF}.Debug|Any CPU.Build.0 = Debug|Any CPU
		{F5BE8CFC-699C-4D62-A27E-9D2B37798FEF}.Release|Any CPU.ActiveCfg = Release|Any CPU
		{F5BE8CFC-699C-4D62-A27E-9D2B37798FEF}.Release|Any CPU.Build.0 = Release|Any CPU
	EndGlobalSection
	GlobalSection(SolutionProperties) = preSolution
		HideSolutionNode = FALSE
	EndGlobalSection
	GlobalSection(ExtensibilityGlobals) = postSolution
		SolutionGuid = {13295A28-D021-42D6-A1C0-39F40929CA34}
	EndGlobalSection
EndGlobal
